
Microsoft Visual Studio Solution File, Format Version 12.00
# Visual Studio Version 17
VisualStudioVersion = 17.8.34316.72
MinimumVisualStudioVersion = 10.0.40219.1
Project("{FAE04EC0-301F-11D3-BF4B-00C04F79EFBC}") = "MetaClothes", "MetaClothes\MetaClothes.csproj", "{6A458A52-D31D-42E7-8E63-EE51F1AF744E}"
EndProject
Global
	GlobalSection(SolutionConfigurationPlatforms) = preSolution
		Debug|Any CPU = Debug|Any CPU
		Release|Any CPU = Release|Any CPU
	EndGlobalSection
	GlobalSection(ProjectConfigurationPlatforms) = postSolution
		{6A458A52-D31D-42E7-8E63-EE51F1AF744E}.Debug|Any CPU.ActiveCfg = Debug|Any CPU
		{6A458A52-D31D-42E7-8E63-EE51F1AF744E}.Debug|Any CPU.Build.0 = Debug|Any CPU
		{6A458A52-D31D-42E7-8E63-EE51F1AF744E}.Release|Any CPU.ActiveCfg = Release|Any CPU
		{6A458A52-D31D-42E7-8E63-EE51F1AF744E}.Release|Any CPU.Build.0 = Release|Any CPU
	EndGlobalSection
	GlobalSection(SolutionProperties) = preSolution
		HideSolutionNode = FALSE
	EndGlobalSection
	GlobalSection(ExtensibilityGlobals) = postSolution
		SolutionGuid = {F4F805C0-6FEE-4BFE-8936-B0D51CA60310}
	EndGlobalSection
EndGlobal
